<?xml version="1.0" encoding="UTF-8" standalone="yes" ?>
<CodeBlocks_project_file>
	<FileVersion major="1" minor="6" />
	<Project>
		<Option title="imageAnalyser_v3" />
		<Option pch_mode="2" />
		<Option compiler="ms_visual_c_2012" />
		<Build>
			<Target title="Debug">
				<Option output="bin/Debug/imageAnalyser" prefix_auto="1" extension_auto="1" />
				<Option object_output="obj/Debug/" />
				<Option type="3" />
				<Option compiler="ms_visual_c_2012" />
				<Option createDefFile="1" />
				<Option createStaticLib="1" />
				<Compiler>
					<Add option="/MDd" />
					<Add option="/W3" />
					<Add option="/Zi" />
					<Add option="/EHsc" />
					<Add option="/DBUILD_DLL" />
					<Add option="/D_DEBUG" />
					<Add directory="C:/Users/wln24624/Documents/VELA/Software/Processing_Software/IMAGE ANALYSIS/imageAnalyser_v3" />
					<Add directory="Utilities" />
					<Add directory="Config" />
				</Compiler>
				<Linker>
					<Add option="/debug" />
					<Add option="/INCREMENTAL:NO" />
					<Add library="user32" />
				</Linker>
				<ExtraCommands>
					<Add after='cmd /c copy /y &quot;$(PROJECT_DIR)$(TARGET_OUTPUT_DIR)$(TARGET_OUTPUT_BASENAME).dll&quot; &quot;$(PROJECT_DIR)$(TARGET_OUTPUT_DIR)$(TARGET_OUTPUT_BASENAME).pyd&quot;' />
				</ExtraCommands>
			</Target>
			<Target title="Release">
				<Option output="bin/Release/imageAnalyser" prefix_auto="1" extension_auto="1" />
				<Option object_output="obj/Release/" />
				<Option type="3" />
				<Option compiler="ms_visual_c_2012" />
				<Option createDefFile="1" />
				<Option createStaticLib="1" />
				<Compiler>
					<Add option="/MD" />
					<Add option="/Ox" />
					<Add option="/W3" />
					<Add option="/EHsc" />
					<Add option="/DBUILD_DLL" />
					<Add option="/DNDEBUG" />
					<Add directory="C:/Users/wln24624/Documents/VELA/Software/Processing_Software/IMAGE ANALYSIS/imageAnalyser_v3" />
					<Add directory="Utilities" />
					<Add directory="Config" />
				</Compiler>
				<Linker>
					<Add option="/INCREMENTAL:NO" />
					<Add library="user32" />
				</Linker>
				<ExtraCommands>
					<Add after='cmd /c copy /y &quot;$(PROJECT_DIR)$(TARGET_OUTPUT_DIR)$(TARGET_OUTPUT_BASENAME).dll&quot; &quot;$(PROJECT_DIR)$(TARGET_OUTPUT_DIR)$(TARGET_OUTPUT_BASENAME).pyd&quot;' />
				</ExtraCommands>
			</Target>
		</Build>
		<Unit filename="Config/YAG_masks.config" />
		<Unit filename="Utilities/baseObject.cpp" />
		<Unit filename="Utilities/baseObject.h" />
		<Unit filename="Utilities/configDefinitions.h" />
		<Unit filename="Utilities/configReader.cpp" />
		<Unit filename="Utilities/configReader.h" />
		<Unit filename="Utilities/configReader_YAG_masks.cpp" />
		<Unit filename="Utilities/configReader_YAG_masks.h" />
		<Unit filename="editor.cpp" />
		<Unit filename="editor.h" />
		<Unit filename="fitter.cpp" />
		<Unit filename="fitter.h" />
		<Unit filename="imageAnalyser.cpp" />
		<Unit filename="imageAnalyser.h" />
		<Unit filename="imagestructs.h" />
		<Unit filename="main.cpp" />
		<Unit filename="main.h" />
		<Unit filename="readAndWrite.cpp" />
		<Unit filename="readAndWrite.h" />
		<Extensions>
			<code_completion />
			<envvars />
			<debugger />
			<lib_finder disable_auto="1" />
		</Extensions>
	</Project>
</CodeBlocks_project_file>
